
Microsoft Visual Studio Solution File, Format Version 12.00
Project("{FAE04EC0-301F-11D3-BF4B-00C04F79EFBC}") = "DoomCli", "DoomCli\DoomCli.csproj", "{F0A8AD93-91B3-4CF7-83F4-79B90AF9B4B2}"
EndProject
Project("{FAE04EC0-301F-11D3-BF4B-00C04F79EFBC}") = "WadParser", "WadParser-dotnet\WadParser\WadParser.csproj", "{E6268ACD-32F9-441C-800E-A17F86F2BD7A}"
EndProject
Global
	GlobalSection(SolutionConfigurationPlatforms) = preSolution
		Debug|Any CPU = Debug|Any CPU
		Release|Any CPU = Release|Any CPU
	EndGlobalSection
	GlobalSection(ProjectConfigurationPlatforms) = postSolution
		{F0A8AD93-91B3-4CF7-83F4-79B90AF9B4B2}.Debug|Any CPU.ActiveCfg = Debug|Any CPU
		{F0A8AD93-91B3-4CF7-83F4-79B90AF9B4B2}.Debug|Any CPU.Build.0 = Debug|Any CPU
		{F0A8AD93-91B3-4CF7-83F4-79B90AF9B4B2}.Release|Any CPU.ActiveCfg = Release|Any CPU
		{F0A8AD93-91B3-4CF7-83F4-79B90AF9B4B2}.Release|Any CPU.Build.0 = Release|Any CPU
		{E6268ACD-32F9-441C-800E-A17F86F2BD7A}.Debug|Any CPU.ActiveCfg = Debug|Any CPU
		{E6268ACD-32F9-441C-800E-A17F86F2BD7A}.Debug|Any CPU.Build.0 = Debug|Any CPU
		{E6268ACD-32F9-441C-800E-A17F86F2BD7A}.Release|Any CPU.ActiveCfg = Release|Any CPU
		{E6268ACD-32F9-441C-800E-A17F86F2BD7A}.Release|Any CPU.Build.0 = Release|Any CPU
	EndGlobalSection
EndGlobal
